{
  "name": "tiny-files",
  "version": "0.0.1",
  "lockfileVersion": 2,
  "requires": true,
  "packages": {
    "": {
      "name": "tiny-files",
      "version": "0.0.1",
      "license": "ISC",
      "dependencies": {
        "tinify": "^1.7.1"
      }
    },
    "node_modules/promise-nodeify": {
      "version": "3.0.1",
      "resolved": "https://registry.npmjs.org/promise-nodeify/-/promise-nodeify-3.0.1.tgz",
      "integrity": "sha512-ghsSuzZXJX8iO7WVec2z7GI+Xk/EyiD+JZK7AZKhUqYfpLa/Zs4ylUD+CwwnKlG6G3HnkUPMAi6PO7zeqGKssg==",
      "engines": {
        "node": ">=6",
        "npm": ">=1.3.7"
      }
    },
    "node_modules/proxying-agent": {
      "version": "2.4.0",
      "resolved": "https://registry.npmjs.org/proxying-agent/-/proxying-agent-2.4.0.tgz",
      "integrity": "sha512-b9vDqIcViJZVsWPpQlp9Py74u+Wqd0a+kMkkg7zX58mwNtrNbOChNlRTM7lUrlpiwNzyJCV8+5D8rnZYLDFh7Q==",
      "engines": {
        "node": ">=0.8.0"
      }
    },
    "node_modules/tinify": {
      "version": "1.7.1",
      "resolved": "https://registry.npmjs.org/tinify/-/tinify-1.7.1.tgz",
      "integrity": "sha512-IbZwiVG0iN/BwZB0XTA45uNyv3DxDByL9TK0jI++hyWtnV68BgNKl0r+iNLsIEDasN3IntHaeaQbiVfaQVnLdQ==",
      "dependencies": {
        "promise-nodeify": ">= 0.1",
        "proxying-agent": ">= 2.1"
      },
      "engines": {
        "node": ">= 6.0"
      }
    }
  },
  "dependencies": {
    "promise-nodeify": {
      "version": "3.0.1",
      "resolved": "https://registry.npmjs.org/promise-nodeify/-/promise-nodeify-3.0.1.tgz",
      "integrity": "sha512-ghsSuzZXJX8iO7WVec2z7GI+Xk/EyiD+JZK7AZKhUqYfpLa/Zs4ylUD+CwwnKlG6G3HnkUPMAi6PO7zeqGKssg=="
    },
    "proxying-agent": {
      "version": "2.4.0",
      "resolved": "https://registry.npmjs.org/proxying-agent/-/proxying-agent-2.4.0.tgz",
      "integrity": "sha512-b9vDqIcViJZVsWPpQlp9Py74u+Wqd0a+kMkkg7zX58mwNtrNbOChNlRTM7lUrlpiwNzyJCV8+5D8rnZYLDFh7Q=="
    },
    "tinify": {
      "version": "1.7.1",
      "resolved": "https://registry.npmjs.org/tinify/-/tinify-1.7.1.tgz",
      "integrity": "sha512-IbZwiVG0iN/BwZB0XTA45uNyv3DxDByL9TK0jI++hyWtnV68BgNKl0r+iNLsIEDasN3IntHaeaQbiVfaQVnLdQ==",
      "requires": {
        "promise-nodeify": ">= 0.1",
        "proxying-agent": ">= 2.1"
      }
    }
  }
}
